// !$*UTF8*$!
{
	archiveVersion = 1;
	classes = {
	};
	objectVersion = 46;
	objects = {

/* Begin PBXBuildFile section */
		8CB973E1189B7F9700B10E35 /* Foundation.framework in Frameworks */ = {isa = PBXBuildFile; fileRef = 8CB973E0189B7F9700B10E35 /* Foundation.framework */; };
		8CB973E3189B7F9700B10E35 /* CoreGraphics.framework in Frameworks */ = {isa = PBXBuildFile; fileRef = 8CB973E2189B7F9700B10E35 /* CoreGraphics.framework */; };
		8CB973E5189B7F9700B10E35 /* UIKit.framework in Frameworks */ = {isa = PBXBuildFile; fileRef = 8CB973E4189B7F9700B10E35 /* UIKit.framework */; };
		8CB973EB189B7F9700B10E35 /* InfoPlist.strings in Resources */ = {isa = PBXBuildFile; fileRef = 8CB973E9189B7F9700B10E35 /* InfoPlist.strings */; };
		8CB973ED189B7F9700B10E35 /* main.m in Sources */ = {isa = PBXBuildFile; fileRef = 8CB973EC189B7F9700B10E35 /* main.m */; };
		8CB973F1189B7F9700B10E35 /* AppDelegate.m in Sources */ = {isa = PBXBuildFile; fileRef = 8CB973F0189B7F9700B10E35 /* AppDelegate.m */; };
		8CB973F4189B7F9700B10E35 /* Main.storyboard in Resources */ = {isa = PBXBuildFile; fileRef = 8CB973F2189B7F9700B10E35 /* Main.storyboard */; };
		8CB973F7189B7F9700B10E35 /* ViewController.m in Sources */ = {isa = PBXBuildFile; fileRef = 8CB973F6189B7F9700B10E35 /* ViewController.m */; };
		8CB973F9189B7F9700B10E35 /* Images.xcassets in Resources */ = {isa = PBXBuildFile; fileRef = 8CB973F8189B7F9700B10E35 /* Images.xcassets */; };
		8CB97400189B7F9700B10E35 /* XCTest.framework in Frameworks */ = {isa = PBXBuildFile; fileRef = 8CB973FF189B7F9700B10E35 /* XCTest.framework */; };
		8CB97401189B7F9700B10E35 /* Foundation.framework in Frameworks */ = {isa = PBXBuildFile; fileRef = 8CB973E0189B7F9700B10E35 /* Foundation.framework */; };
		8CB97402189B7F9700B10E35 /* UIKit.framework in Frameworks */ = {isa = PBXBuildFile; fileRef = 8CB973E4189B7F9700B10E35 /* UIKit.framework */; };
		8CB9740A189B7F9700B10E35 /* InfoPlist.strings in Resources */ = {isa = PBXBuildFile; fileRef = 8CB97408189B7F9700B10E35 /* InfoPlist.strings */; };
		8CB9740C189B7F9700B10E35 /* TestBackButtonProjectTests.m in Sources */ = {isa = PBXBuildFile; fileRef = 8CB9740B189B7F9700B10E35 /* TestBackButtonProjectTests.m */; };
		8CB97417189B7FAD00B10E35 /* SecondViewController.m in Sources */ = {isa = PBXBuildFile; fileRef = 8CB97416189B7FAD00B10E35 /* SecondViewController.m */; };
/* End PBXBuildFile section */

/* Begin PBXContainerItemProxy section */
		8CB97403189B7F9700B10E35 /* PBXContainerItemProxy */ = {
			isa = PBXContainerItemProxy;
			containerPortal = 8CB973D5189B7F9700B10E35 /* Project object */;
			proxyType = 1;
			remoteGlobalIDString = 8CB973DC189B7F9700B10E35;
			remoteInfo = TestBackButtonProject;
		};
/* End PBXContainerItemProxy section */

/* Begin PBXFileReference section */
		8CB973DD189B7F9700B10E35 /* TestBackButtonProject.app */ = {isa = PBXFileReference; explicitFileType = wrapper.application; includeInIndex = 0; path = TestBackButtonProject.app; sourceTree = BUILT_PRODUCTS_DIR; };
		8CB973E0189B7F9700B10E35 /* Foundation.framework */ = {isa = PBXFileReference; lastKnownFileType = wrapper.framework; name = Foundation.framework; path = System/Library/Frameworks/Foundation.framework; sourceTree = SDKROOT; };
		8CB973E2189B7F9700B10E35 /* CoreGraphics.framework */ = {isa = PBXFileReference; lastKnownFileType = wrapper.framework; name = CoreGraphics.framework; path = System/Library/Frameworks/CoreGraphics.framework; sourceTree = SDKROOT; };
		8CB973E4189B7F9700B10E35 /* UIKit.framework */ = {isa = PBXFileReference; lastKnownFileType = wrapper.framework; name = UIKit.framework; path = System/Library/Frameworks/UIKit.framework; sourceTree = SDKROOT; };
		8CB973E8189B7F9700B10E35 /* TestBackButtonProject-Info.plist */ = {isa = PBXFileReference; lastKnownFileType = text.plist.xml; path = "TestBackButtonProject-Info.plist"; sourceTree = "<group>"; };
		8CB973EA189B7F9700B10E35 /* en */ = {isa = PBXFileReference; lastKnownFileType = text.plist.strings; name = en; path = en.lproj/InfoPlist.strings; sourceTree = "<group>"; };
		8CB973EC189B7F9700B10E35 /* main.m */ = {isa = PBXFileReference; lastKnownFileType = sourcecode.c.objc; path = main.m; sourceTree = "<group>"; };
		8CB973EE189B7F9700B10E35 /* TestBackButtonProject-Prefix.pch */ = {isa = PBXFileReference; lastKnownFileType = sourcecode.c.h; path = "TestBackButtonProject-Prefix.pch"; sourceTree = "<group>"; };
		8CB973EF189B7F9700B10E35 /* AppDelegate.h */ = {isa = PBXFileReference; lastKnownFileType = sourcecode.c.h; path = AppDelegate.h; sourceTree = "<group>"; };
		8CB973F0189B7F9700B10E35 /* AppDelegate.m */ = {isa = PBXFileReference; lastKnownFileType = sourcecode.c.objc; path = AppDelegate.m; sourceTree = "<group>"; };
		8CB973F3189B7F9700B10E35 /* Base */ = {isa = PBXFileReference; lastKnownFileType = file.storyboard; name = Base; path = Base.lproj/Main.storyboard; sourceTree = "<group>"; };
		8CB973F5189B7F9700B10E35 /* ViewController.h */ = {isa = PBXFileReference; lastKnownFileType = sourcecode.c.h; path = ViewController.h; sourceTree = "<group>"; };
		8CB973F6189B7F9700B10E35 /* ViewController.m */ = {isa = PBXFileReference; lastKnownFileType = sourcecode.c.objc; path = ViewController.m; sourceTree = "<group>"; };
		8CB973F8189B7F9700B10E35 /* Images.xcassets */ = {isa = PBXFileReference; lastKnownFileType = folder.assetcatalog; path = Images.xcassets; sourceTree = "<group>"; };
		8CB973FE189B7F9700B10E35 /* TestBackButtonProjectTests.xctest */ = {isa = PBXFileReference; explicitFileType = wrapper.cfbundle; includeInIndex = 0; path = TestBackButtonProjectTests.xctest; sourceTree = BUILT_PRODUCTS_DIR; };
		8CB973FF189B7F9700B10E35 /* XCTest.framework */ = {isa = PBXFileReference; lastKnownFileType = wrapper.framework; name = XCTest.framework; path = Library/Frameworks/XCTest.framework; sourceTree = DEVELOPER_DIR; };
		8CB97407189B7F9700B10E35 /* TestBackButtonProjectTests-Info.plist */ = {isa = PBXFileReference; lastKnownFileType = text.plist.xml; path = "TestBackButtonProjectTests-Info.plist"; sourceTree = "<group>"; };
		8CB97409189B7F9700B10E35 /* en */ = {isa = PBXFileReference; lastKnownFileType = text.plist.strings; name = en; path = en.lproj/InfoPlist.strings; sourceTree = "<group>"; };
		8CB9740B189B7F9700B10E35 /* TestBackButtonProjectTests.m */ = {isa = PBXFileReference; lastKnownFileType = sourcecode.c.objc; path = TestBackButtonProjectTests.m; sourceTree = "<group>"; };
		8CB97415189B7FAD00B10E35 /* SecondViewController.h */ = {isa = PBXFileReference; fileEncoding = 4; lastKnownFileType = sourcecode.c.h; path = SecondViewController.h; sourceTree = "<group>"; };
		8CB97416189B7FAD00B10E35 /* SecondViewController.m */ = {isa = PBXFileReference; fileEncoding = 4; lastKnownFileType = sourcecode.c.objc; path = SecondViewController.m; sourceTree = "<group>"; };
/* End PBXFileReference section */

/* Begin PBXFrameworksBuildPhase section */
		8CB973DA189B7F9700B10E35 /* Frameworks */ = {
			isa = PBXFrameworksBuildPhase;
			buildActionMask = 2147483647;
			files = (
				8CB973E3189B7F9700B10E35 /* CoreGraphics.framework in Frameworks */,
				8CB973E5189B7F9700B10E35 /* UIKit.framework in Frameworks */,
				8CB973E1189B7F9700B10E35 /* Foundation.framework in Frameworks */,
			);
			runOnlyForDeploymentPostprocessing = 0;
		};
		8CB973FB189B7F9700B10E35 /* Frameworks */ = {
			isa = PBXFrameworksBuildPhase;
			buildActionMask = 2147483647;
			files = (
				8CB97400189B7F9700B10E35 /* XCTest.framework in Frameworks */,
				8CB97402189B7F9700B10E35 /* UIKit.framework in Frameworks */,
				8CB97401189B7F9700B10E35 /* Foundation.framework in Frameworks */,
			);
			runOnlyForDeploymentPostprocessing = 0;
		};
/* End PBXFrameworksBuildPhase section */

/* Begin PBXGroup section */
		8CB973D4189B7F9700B10E35 = {
			isa = PBXGroup;
			children = (
				8CB973E6189B7F9700B10E35 /* TestBackButtonProject */,
				8CB97405189B7F9700B10E35 /* TestBackButtonProjectTests */,
				8CB973DF189B7F9700B10E35 /* Frameworks */,
				8CB973DE189B7F9700B10E35 /* Products */,
			);
			sourceTree = "<group>";
		};
		8CB973DE189B7F9700B10E35 /* Products */ = {
			isa = PBXGroup;
			children = (
				8CB973DD189B7F9700B10E35 /* TestBackButtonProject.app */,
				8CB973FE189B7F9700B10E35 /* TestBackButtonProjectTests.xctest */,
			);
			name = Products;
			sourceTree = "<group>";
		};
		8CB973DF189B7F9700B10E35 /* Frameworks */ = {
			isa = PBXGroup;
			children = (
				8CB973E0189B7F9700B10E35 /* Foundation.framework */,
				8CB973E2189B7F9700B10E35 /* CoreGraphics.framework */,
				8CB973E4189B7F9700B10E35 /* UIKit.framework */,
				8CB973FF189B7F9700B10E35 /* XCTest.framework */,
			);
			name = Frameworks;
			sourceTree = "<group>";
		};
		8CB973E6189B7F9700B10E35 /* TestBackButtonProject */ = {
			isa = PBXGroup;
			children = (
				8CB973EF189B7F9700B10E35 /* AppDelegate.h */,
				8CB973F0189B7F9700B10E35 /* AppDelegate.m */,
				8CB973F2189B7F9700B10E35 /* Main.storyboard */,
				8CB973F5189B7F9700B10E35 /* ViewController.h */,
				8CB973F6189B7F9700B10E35 /* ViewController.m */,
				8CB97415189B7FAD00B10E35 /* SecondViewController.h */,
				8CB97416189B7FAD00B10E35 /* SecondViewController.m */,
				8CB973F8189B7F9700B10E35 /* Images.xcassets */,
				8CB973E7189B7F9700B10E35 /* Supporting Files */,
			);
			path = TestBackButtonProject;
			sourceTree = "<group>";
		};
		8CB973E7189B7F9700B10E35 /* Supporting Files */ = {
			isa = PBXGroup;
			children = (
				8CB973E8189B7F9700B10E35 /* TestBackButtonProject-Info.plist */,
				8CB973E9189B7F9700B10E35 /* InfoPlist.strings */,
				8CB973EC189B7F9700B10E35 /* main.m */,
				8CB973EE189B7F9700B10E35 /* TestBackButtonProject-Prefix.pch */,
			);
			name = "Supporting Files";
			sourceTree = "<group>";
		};
		8CB97405189B7F9700B10E35 /* TestBackButtonProjectTests */ = {
			isa = PBXGroup;
			children = (
				8CB9740B189B7F9700B10E35 /* TestBackButtonProjectTests.m */,
				8CB97406189B7F9700B10E35 /* Supporting Files */,
			);
			path = TestBackButtonProjectTests;
			sourceTree = "<group>";
		};
		8CB97406189B7F9700B10E35 /* Supporting Files */ = {
			isa = PBXGroup;
			children = (
				8CB97407189B7F9700B10E35 /* TestBackButtonProjectTests-Info.plist */,
				8CB97408189B7F9700B10E35 /* InfoPlist.strings */,
			);
			name = "Supporting Files";
			sourceTree = "<group>";
		};
/* End PBXGroup section */

/* Begin PBXNativeTarget section */
		8CB973DC189B7F9700B10E35 /* TestBackButtonProject */ = {
			isa = PBXNativeTarget;
			buildConfigurationList = 8CB9740F189B7F9700B10E35 /* Build configuration list for PBXNativeTarget "TestBackButtonProject" */;
			buildPhases = (
				8CB973D9189B7F9700B10E35 /* Sources */,
				8CB973DA189B7F9700B10E35 /* Frameworks */,
				8CB973DB189B7F9700B10E35 /* Resources */,
			);
			buildRules = (
			);
			dependencies = (
			);
			name = TestBackButtonProject;
			productName = TestBackButtonProject;
			productReference = 8CB973DD189B7F9700B10E35 /* TestBackButtonProject.app */;
			productType = "com.apple.product-type.application";
		};
		8CB973FD189B7F9700B10E35 /* TestBackButtonProjectTests */ = {
			isa = PBXNativeTarget;
			buildConfigurationList = 8CB97412189B7F9700B10E35 /* Build configuration list for PBXNativeTarget "TestBackButtonProjectTests" */;
			buildPhases = (
				8CB973FA189B7F9700B10E35 /* Sources */,
				8CB973FB189B7F9700B10E35 /* Frameworks */,
				8CB973FC189B7F9700B10E35 /* Resources */,
			);
			buildRules = (
			);
			dependencies = (
				8CB97404189B7F9700B10E35 /* PBXTargetDependency */,
			);
			name = TestBackButtonProjectTests;
			productName = TestBackButtonProjectTests;
			productReference = 8CB973FE189B7F9700B10E35 /* TestBackButtonProjectTests.xctest */;
			productType = "com.apple.product-type.bundle.unit-test";
		};
/* End PBXNativeTarget section */

/* Begin PBXProject section */
		8CB973D5189B7F9700B10E35 /* Project object */ = {
			isa = PBXProject;
			attributes = {
				LastUpgradeCheck = 0500;
				ORGANIZATIONNAME = "Kelly, James | Jamie | SDTD";
				TargetAttributes = {
					8CB973FD189B7F9700B10E35 = {
						TestTargetID = 8CB973DC189B7F9700B10E35;
					};
				};
			};
			buildConfigurationList = 8CB973D8189B7F9700B10E35 /* Build configuration list for PBXProject "TestBackButtonProject" */;
			compatibilityVersion = "Xcode 3.2";
			developmentRegion = English;
			hasScannedForEncodings = 0;
			knownRegions = (
				en,
				Base,
			);
			mainGroup = 8CB973D4189B7F9700B10E35;
			productRefGroup = 8CB973DE189B7F9700B10E35 /* Products */;
			projectDirPath = "";
			projectRoot = "";
			targets = (
				8CB973DC189B7F9700B10E35 /* TestBackButtonProject */,
				8CB973FD189B7F9700B10E35 /* TestBackButtonProjectTests */,
			);
		};
/* End PBXProject section */

/* Begin PBXResourcesBuildPhase section */
		8CB973DB189B7F9700B10E35 /* Resources */ = {
			isa = PBXResourcesBuildPhase;
			buildActionMask = 2147483647;
			files = (
				8CB973F9189B7F9700B10E35 /* Images.xcassets in Resources */,
				8CB973EB189B7F9700B10E35 /* InfoPlist.strings in Resources */,
				8CB973F4189B7F9700B10E35 /* Main.storyboard in Resources */,
			);
			runOnlyForDeploymentPostprocessing = 0;
		};
		8CB973FC189B7F9700B10E35 /* Resources */ = {
			isa = PBXResourcesBuildPhase;
			buildActionMask = 2147483647;
			files = (
				8CB9740A189B7F9700B10E35 /* InfoPlist.strings in Resources */,
			);
			runOnlyForDeploymentPostprocessing = 0;
		};
/* End PBXResourcesBuildPhase section */

/* Begin PBXSourcesBuildPhase section */
		8CB973D9189B7F9700B10E35 /* Sources */ = {
			isa = PBXSourcesBuildPhase;
			buildActionMask = 2147483647;
			files = (
				8CB97417189B7FAD00B10E35 /* SecondViewController.m in Sources */,
				8CB973F7189B7F9700B10E35 /* ViewController.m in Sources */,
				8CB973F1189B7F9700B10E35 /* AppDelegate.m in Sources */,
				8CB973ED189B7F9700B10E35 /* main.m in Sources */,
			);
			runOnlyForDeploymentPostprocessing = 0;
		};
		8CB973FA189B7F9700B10E35 /* Sources */ = {
			isa = PBXSourcesBuildPhase;
			buildActionMask = 2147483647;
			files = (
				8CB9740C189B7F9700B10E35 /* TestBackButtonProjectTests.m in Sources */,
			);
			runOnlyForDeploymentPostprocessing = 0;
		};
/* End PBXSourcesBuildPhase section */

/* Begin PBXTargetDependency section */
		8CB97404189B7F9700B10E35 /* PBXTargetDependency */ = {
			isa = PBXTargetDependency;
			target = 8CB973DC189B7F9700B10E35 /* TestBackButtonProject */;
			targetProxy = 8CB97403189B7F9700B10E35 /* PBXContainerItemProxy */;
		};
/* End PBXTargetDependency section */

/* Begin PBXVariantGroup section */
		8CB973E9189B7F9700B10E35 /* InfoPlist.strings */ = {
			isa = PBXVariantGroup;
			children = (
				8CB973EA189B7F9700B10E35 /* en */,
			);
			name = InfoPlist.strings;
			sourceTree = "<group>";
		};
		8CB973F2189B7F9700B10E35 /* Main.storyboard */ = {
			isa = PBXVariantGroup;
			children = (
				8CB973F3189B7F9700B10E35 /* Base */,
			);
			name = Main.storyboard;
			sourceTree = "<group>";
		};
		8CB97408189B7F9700B10E35 /* InfoPlist.strings */ = {
			isa = PBXVariantGroup;
			children = (
				8CB97409189B7F9700B10E35 /* en */,
			);
			name = InfoPlist.strings;
			sourceTree = "<group>";
		};
/* End PBXVariantGroup section */

/* Begin XCBuildConfiguration section */
		8CB9740D189B7F9700B10E35 /* Debug */ = {
			isa = XCBuildConfiguration;
			buildSettings = {
				ALWAYS_SEARCH_USER_PATHS = NO;
				ARCHS = "$(ARCHS_STANDARD_INCLUDING_64_BIT)";
				CLANG_CXX_LANGUAGE_STANDARD = "gnu++0x";
				CLANG_CXX_LIBRARY = "libc++";
				CLANG_ENABLE_MODULES = YES;
				CLANG_ENABLE_OBJC_ARC = YES;
				CLANG_WARN_BOOL_CONVERSION = YES;
				CLANG_WARN_CONSTANT_CONVERSION = YES;
				CLANG_WARN_DIRECT_OBJC_ISA_USAGE = YES_ERROR;
				CLANG_WARN_EMPTY_BODY = YES;
				CLANG_WARN_ENUM_CONVERSION = YES;
				CLANG_WARN_INT_CONVERSION = YES;
				CLANG_WARN_OBJC_ROOT_CLASS = YES_ERROR;
				CLANG_WARN__DUPLICATE_METHOD_MATCH = YES;
				"CODE_SIGN_IDENTITY[sdk=iphoneos*]" = "iPhone Developer";
				COPY_PHASE_STRIP = NO;
				GCC_C_LANGUAGE_STANDARD = gnu99;
				GCC_DYNAMIC_NO_PIC = NO;
				GCC_OPTIMIZATION_LEVEL = 0;
				GCC_PREPROCESSOR_DEFINITIONS = (
					"DEBUG=1",
					"$(inherited)",
				);
				GCC_SYMBOLS_PRIVATE_EXTERN = NO;
				GCC_WARN_64_TO_32_BIT_CONVERSION = YES;
				GCC_WARN_ABOUT_RETURN_TYPE = YES_ERROR;
				GCC_WARN_UNDECLARED_SELECTOR = YES;
				GCC_WARN_UNINITIALIZED_AUTOS = YES;
				GCC_WARN_UNUSED_FUNCTION = YES;
				GCC_WARN_UNUSED_VARIABLE = YES;
				IPHONEOS_DEPLOYMENT_TARGET = 7.0;
				ONLY_ACTIVE_ARCH = YES;
				SDKROOT = iphoneos;
			};
			name = Debug;
		};
		8CB9740E189B7F9700B10E35 /* Release */ = {
			isa = XCBuildConfiguration;
			buildSettings = {
				ALWAYS_SEARCH_USER_PATHS = NO;
				ARCHS = "$(ARCHS_STANDARD_INCLUDING_64_BIT)";
				CLANG_CXX_LANGUAGE_STANDARD = "gnu++0x";
				CLANG_CXX_LIBRARY = "libc++";
				CLANG_ENABLE_MODULES = YES;
				CLANG_ENABLE_OBJC_ARC = YES;
				CLANG_WARN_BOOL_CONVERSION = YES;
				CLANG_WARN_CONSTANT_CONVERSION = YES;
				CLANG_WARN_DIRECT_OBJC_ISA_USAGE = YES_ERROR;
				CLANG_WARN_EMPTY_BODY = YES;
				CLANG_WARN_ENUM_CONVERSION = YES;
				CLANG_WARN_INT_CONVERSION = YES;
				CLANG_WARN_OBJC_ROOT_CLASS = YES_ERROR;
				CLANG_WARN__DUPLICATE_METHOD_MATCH = YES;
				"CODE_SIGN_IDENTITY[sdk=iphoneos*]" = "iPhone Developer";
				COPY_PHASE_STRIP = YES;
				ENABLE_NS_ASSERTIONS = NO;
				GCC_C_LANGUAGE_STANDARD = gnu99;
				GCC_WARN_64_TO_32_BIT_CONVERSION = YES;
				GCC_WARN_ABOUT_RETURN_TYPE = YES_ERROR;
				GCC_WARN_UNDECLARED_SELECTOR = YES;
				GCC_WARN_UNINITIALIZED_AUTOS = YES;
				GCC_WARN_UNUSED_FUNCTION = YES;
				GCC_WARN_UNUSED_VARIABLE = YES;
				IPHONEOS_DEPLOYMENT_TARGET = 7.0;
				SDKROOT = iphoneos;
				VALIDATE_PRODUCT = YES;
			};
			name = Release;
		};
		8CB97410189B7F9700B10E35 /* Debug */ = {
			isa = XCBuildConfiguration;
			buildSettings = {
				ASSETCATALOG_COMPILER_APPICON_NAME = AppIcon;
				ASSETCATALOG_COMPILER_LAUNCHIMAGE_NAME = LaunchImage;
				GCC_PRECOMPILE_PREFIX_HEADER = YES;
				GCC_PREFIX_HEADER = "TestBackButtonProject/TestBackButtonProject-Prefix.pch";
				INFOPLIST_FILE = "TestBackButtonProject/TestBackButtonProject-Info.plist";
				PRODUCT_NAME = "$(TARGET_NAME)";
				WRAPPER_EXTENSION = app;
			};
			name = Debug;
		};
		8CB97411189B7F9700B10E35 /* Release */ = {
			isa = XCBuildConfiguration;
			buildSettings = {
				ASSETCATALOG_COMPILER_APPICON_NAME = AppIcon;
				ASSETCATALOG_COMPILER_LAUNCHIMAGE_NAME = LaunchImage;
				GCC_PRECOMPILE_PREFIX_HEADER = YES;
				GCC_PREFIX_HEADER = "TestBackButtonProject/TestBackButtonProject-Prefix.pch";
				INFOPLIST_FILE = "TestBackButtonProject/TestBackButtonProject-Info.plist";
				PRODUCT_NAME = "$(TARGET_NAME)";
				WRAPPER_EXTENSION = app;
			};
			name = Release;
		};
		8CB97413189B7F9700B10E35 /* Debug */ = {
			isa = XCBuildConfiguration;
			buildSettings = {
				ARCHS = "$(ARCHS_STANDARD_INCLUDING_64_BIT)";
				BUNDLE_LOADER = "$(BUILT_PRODUCTS_DIR)/TestBackButtonProject.app/TestBackButtonProject";
				FRAMEWORK_SEARCH_PATHS = (
					"$(SDKROOT)/Developer/Library/Frameworks",
					"$(inherited)",
					"$(DEVELOPER_FRAMEWORKS_DIR)",
				);
				GCC_PRECOMPILE_PREFIX_HEADER = YES;
				GCC_PREFIX_HEADER = "TestBackButtonProject/TestBackButtonProject-Prefix.pch";
				GCC_PREPROCESSOR_DEFINITIONS = (
					"DEBUG=1",
					"$(inherited)",
				);
				INFOPLIST_FILE = "TestBackButtonProjectTests/TestBackButtonProjectTests-Info.plist";
				PRODUCT_NAME = "$(TARGET_NAME)";
				TEST_HOST = "$(BUNDLE_LOADER)";
				WRAPPER_EXTENSION = xctest;
			};
			name = Debug;
		};
		8CB97414189B7F9700B10E35 /* Release */ = {
			isa = XCBuildConfiguration;
			buildSettings = {
				ARCHS = "$(ARCHS_STANDARD_INCLUDING_64_BIT)";
				BUNDLE_LOADER = "$(BUILT_PRODUCTS_DIR)/TestBackButtonProject.app/TestBackButtonProject";
				FRAMEWORK_SEARCH_PATHS = (
					"$(SDKROOT)/Developer/Library/Frameworks",
					"$(inherited)",
					"$(DEVELOPER_FRAMEWORKS_DIR)",
				);
				GCC_PRECOMPILE_PREFIX_HEADER = YES;
				GCC_PREFIX_HEADER = "TestBackButtonProject/TestBackButtonProject-Prefix.pch";
				INFOPLIST_FILE = "TestBackButtonProjectTests/TestBackButtonProjectTests-Info.plist";
				PRODUCT_NAME = "$(TARGET_NAME)";
				TEST_HOST = "$(BUNDLE_LOADER)";
				WRAPPER_EXTENSION = xctest;
			};
			name = Release;
		};
/* End XCBuildConfiguration section */

/* Begin XCConfigurationList section */
		8CB973D8189B7F9700B10E35 /* Build configuration list for PBXProject "TestBackButtonProject" */ = {
			isa = XCConfigurationList;
			buildConfigurations = (
				8CB9740D189B7F9700B10E35 /* Debug */,
				8CB9740E189B7F9700B10E35 /* Release */,
			);
			defaultConfigurationIsVisible = 0;
			defaultConfigurationName = Release;
		};
		8CB9740F189B7F9700B10E35 /* Build configuration list for PBXNativeTarget "TestBackButtonProject" */ = {
			isa = XCConfigurationList;
			buildConfigurations = (
				8CB97410189B7F9700B10E35 /* Debug */,
				8CB97411189B7F9700B10E35 /* Release */,
			);
			defaultConfigurationIsVisible = 0;
		};
		8CB97412189B7F9700B10E35 /* Build configuration list for PBXNativeTarget "TestBackButtonProjectTests" */ = {
			isa = XCConfigurationList;
			buildConfigurations = (
				8CB97413189B7F9700B10E35 /* Debug */,
				8CB97414189B7F9700B10E35 /* Release */,
			);
			defaultConfigurationIsVisible = 0;
		};
/* End XCConfigurationList section */
	};
	rootObject = 8CB973D5189B7F9700B10E35 /* Project object */;
}
